
Microsoft Visual Studio Solution File, Format Version 12.00
# Visual Studio Version 16
VisualStudioVersion = 16.0.29728.190
MinimumVisualStudioVersion = 10.0.40219.1
Project("{FAE04EC0-301F-11D3-BF4B-00C04F79EFBC}") = "ASX_Assign2", "ASX_Assign2.csproj", "{123D2B35-D99A-44F6-93DC-BC6DACA741D2}"
EndProject
Global
	GlobalSection(SolutionConfigurationPlatforms) = preSolution
		Debug|Any CPU = Debug|Any CPU
		Release|Any CPU = Release|Any CPU
	EndGlobalSection
	GlobalSection(ProjectConfigurationPlatforms) = postSolution
		{123D2B35-D99A-44F6-93DC-BC6DACA741D2}.Debug|Any CPU.ActiveCfg = Debug|Any CPU
		{123D2B35-D99A-44F6-93DC-BC6DACA741D2}.Debug|Any CPU.Build.0 = Debug|Any CPU
		{123D2B35-D99A-44F6-93DC-BC6DACA741D2}.Release|Any CPU.ActiveCfg = Release|Any CPU
		{123D2B35-D99A-44F6-93DC-BC6DACA741D2}.Release|Any CPU.Build.0 = Release|Any CPU
	EndGlobalSection
	GlobalSection(SolutionProperties) = preSolution
		HideSolutionNode = FALSE
	EndGlobalSection
	GlobalSection(ExtensibilityGlobals) = postSolution
		SolutionGuid = {D8202AD0-6EEF-4E3D-A848-C6956D0C460C}
	EndGlobalSection
EndGlobal
