
Microsoft Visual Studio Solution File, Format Version 12.00
# Visual Studio 15
VisualStudioVersion = 15.0.28307.1000
MinimumVisualStudioVersion = 10.0.40219.1
Project("{FAE04EC0-301F-11D3-BF4B-00C04F79EFBC}") = "ASX_assign3", "ASX_assign3\ASX_assign3.csproj", "{79AE1E5F-907A-4701-A9DD-F39DF45AFE6C}"
EndProject
Project("{FAE04EC0-301F-11D3-BF4B-00C04F79EFBC}") = "DataLoader", "DataLoader\DataLoader.csproj", "{3EBEF814-CFBE-4AFB-A8D9-13CAACB45FA1}"
EndProject
Global
	GlobalSection(SolutionConfigurationPlatforms) = preSolution
		Debug|Any CPU = Debug|Any CPU
		Release|Any CPU = Release|Any CPU
	EndGlobalSection
	GlobalSection(ProjectConfigurationPlatforms) = postSolution
		{79AE1E5F-907A-4701-A9DD-F39DF45AFE6C}.Debug|Any CPU.ActiveCfg = Debug|Any CPU
		{79AE1E5F-907A-4701-A9DD-F39DF45AFE6C}.Debug|Any CPU.Build.0 = Debug|Any CPU
		{79AE1E5F-907A-4701-A9DD-F39DF45AFE6C}.Release|Any CPU.ActiveCfg = Release|Any CPU
		{79AE1E5F-907A-4701-A9DD-F39DF45AFE6C}.Release|Any CPU.Build.0 = Release|Any CPU
		{3EBEF814-CFBE-4AFB-A8D9-13CAACB45FA1}.Debug|Any CPU.ActiveCfg = Debug|Any CPU
		{3EBEF814-CFBE-4AFB-A8D9-13CAACB45FA1}.Debug|Any CPU.Build.0 = Debug|Any CPU
		{3EBEF814-CFBE-4AFB-A8D9-13CAACB45FA1}.Release|Any CPU.ActiveCfg = Release|Any CPU
		{3EBEF814-CFBE-4AFB-A8D9-13CAACB45FA1}.Release|Any CPU.Build.0 = Release|Any CPU
	EndGlobalSection
	GlobalSection(SolutionProperties) = preSolution
		HideSolutionNode = FALSE
	EndGlobalSection
	GlobalSection(ExtensibilityGlobals) = postSolution
		SolutionGuid = {A2719EFC-C870-4D83-A3E0-2D2A9CC2729A}
	EndGlobalSection
EndGlobal
