
Microsoft Visual Studio Solution File, Format Version 12.00
# Visual Studio Version 16
VisualStudioVersion = 16.0.29728.190
MinimumVisualStudioVersion = 10.0.40219.1
Project("{FAE04EC0-301F-11D3-BF4B-00C04F79EFBC}") = "Asx_Assign5", "Asx_Assign5\Asx_Assign5.csproj", "{32F3FFBC-88FF-4728-A122-6CC803886225}"
EndProject
Global
	GlobalSection(SolutionConfigurationPlatforms) = preSolution
		Debug|Any CPU = Debug|Any CPU
		Release|Any CPU = Release|Any CPU
	EndGlobalSection
	GlobalSection(ProjectConfigurationPlatforms) = postSolution
		{32F3FFBC-88FF-4728-A122-6CC803886225}.Debug|Any CPU.ActiveCfg = Debug|Any CPU
		{32F3FFBC-88FF-4728-A122-6CC803886225}.Debug|Any CPU.Build.0 = Debug|Any CPU
		{32F3FFBC-88FF-4728-A122-6CC803886225}.Release|Any CPU.ActiveCfg = Release|Any CPU
		{32F3FFBC-88FF-4728-A122-6CC803886225}.Release|Any CPU.Build.0 = Release|Any CPU
	EndGlobalSection
	GlobalSection(SolutionProperties) = preSolution
		HideSolutionNode = FALSE
	EndGlobalSection
	GlobalSection(ExtensibilityGlobals) = postSolution
		SolutionGuid = {B0AB756F-9DAA-4006-A869-C3618BEB8550}
	EndGlobalSection
EndGlobal
